
Microsoft Visual Studio Solution File, Format Version 12.00
# Visual Studio Version 16
VisualStudioVersion = 16.0.31321.278
MinimumVisualStudioVersion = 10.0.40219.1
Project("{FAE04EC0-301F-11D3-BF4B-00C04F79EFBC}") = "ChuckAPI", "ChuckAPI\ChuckAPI.csproj", "{81A5D979-3CE1-4CA7-98F9-49296E031EFB}"
EndProject
Global
	GlobalSection(SolutionConfigurationPlatforms) = preSolution
		Debug|Any CPU = Debug|Any CPU
		Release|Any CPU = Release|Any CPU
	EndGlobalSection
	GlobalSection(ProjectConfigurationPlatforms) = postSolution
		{81A5D979-3CE1-4CA7-98F9-49296E031EFB}.Debug|Any CPU.ActiveCfg = Debug|Any CPU
		{81A5D979-3CE1-4CA7-98F9-49296E031EFB}.Debug|Any CPU.Build.0 = Debug|Any CPU
		{81A5D979-3CE1-4CA7-98F9-49296E031EFB}.Release|Any CPU.ActiveCfg = Release|Any CPU
		{81A5D979-3CE1-4CA7-98F9-49296E031EFB}.Release|Any CPU.Build.0 = Release|Any CPU
	EndGlobalSection
	GlobalSection(SolutionProperties) = preSolution
		HideSolutionNode = FALSE
	EndGlobalSection
	GlobalSection(ExtensibilityGlobals) = postSolution
		SolutionGuid = {DE081303-4673-4BB0-8B6D-CE3BE7D6EAC3}
	EndGlobalSection
EndGlobal
